
Microsoft Visual Studio Solution File, Format Version 12.00
# Visual Studio Version 16
VisualStudioVersion = 16.0.30717.126
MinimumVisualStudioVersion = 10.0.40219.1
Project("{9A19103F-16F7-4668-BE54-9A1E7A4F7556}") = "MyShopping.Client", "MyShopping\MyShopping.Client.csproj", "{CDA8092F-9AC9-48CB-A7FA-B37739B8D0F0}"
EndProject
Global
	GlobalSection(SolutionConfigurationPlatforms) = preSolution
		Debug|Any CPU = Debug|Any CPU
		Release|Any CPU = Release|Any CPU
	EndGlobalSection
	GlobalSection(ProjectConfigurationPlatforms) = postSolution
		{CDA8092F-9AC9-48CB-A7FA-B37739B8D0F0}.Debug|Any CPU.ActiveCfg = Debug|Any CPU
		{CDA8092F-9AC9-48CB-A7FA-B37739B8D0F0}.Debug|Any CPU.Build.0 = Debug|Any CPU
		{CDA8092F-9AC9-48CB-A7FA-B37739B8D0F0}.Release|Any CPU.ActiveCfg = Release|Any CPU
		{CDA8092F-9AC9-48CB-A7FA-B37739B8D0F0}.Release|Any CPU.Build.0 = Release|Any CPU
	EndGlobalSection
	GlobalSection(SolutionProperties) = preSolution
		HideSolutionNode = FALSE
	EndGlobalSection
	GlobalSection(ExtensibilityGlobals) = postSolution
		SolutionGuid = {47F63865-7E59-4BBA-A11F-92504E7FD7B1}
	EndGlobalSection
EndGlobal
